// !$*UTF8*$!
{
	archiveVersion = 1;
	classes = {
	};
	objectVersion = 50;
	objects = {

/* Begin PBXBuildFile section */
		CB9470F32450386800559823 /* AppDelegate.swift in Sources */ = {isa = PBXBuildFile; fileRef = CB9470F22450386800559823 /* AppDelegate.swift */; };
		CB9470F52450386800559823 /* SceneDelegate.swift in Sources */ = {isa = PBXBuildFile; fileRef = CB9470F42450386800559823 /* SceneDelegate.swift */; };
		CB9470F72450386800559823 /* HomeVC.swift in Sources */ = {isa = PBXBuildFile; fileRef = CB9470F62450386800559823 /* HomeVC.swift */; };
		CB9470FA2450386800559823 /* Main.storyboard in Resources */ = {isa = PBXBuildFile; fileRef = CB9470F82450386800559823 /* Main.storyboard */; };
		CB9470FC2450386F00559823 /* Assets.xcassets in Resources */ = {isa = PBXBuildFile; fileRef = CB9470FB2450386F00559823 /* Assets.xcassets */; };
		CB9470FF2450386F00559823 /* LaunchScreen.storyboard in Resources */ = {isa = PBXBuildFile; fileRef = CB9470FD2450386F00559823 /* LaunchScreen.storyboard */; };
		CB9471082450399C00559823 /* AnnouncementCell.swift in Sources */ = {isa = PBXBuildFile; fileRef = CB9471072450399C00559823 /* AnnouncementCell.swift */; };
		CB94710A245039AE00559823 /* DailySpecialsCell.swift in Sources */ = {isa = PBXBuildFile; fileRef = CB947109245039AE00559823 /* DailySpecialsCell.swift */; };
		CB94710C245039BD00559823 /* LiveFeedsCell.swift in Sources */ = {isa = PBXBuildFile; fileRef = CB94710B245039BD00559823 /* LiveFeedsCell.swift */; };
		CB94711024503EC500559823 /* View+Ex.swift in Sources */ = {isa = PBXBuildFile; fileRef = CB94710F24503EC500559823 /* View+Ex.swift */; };
/* End PBXBuildFile section */

/* Begin PBXFileReference section */
		CB9470EF2450386800559823 /* collectionViewTest.app */ = {isa = PBXFileReference; explicitFileType = wrapper.application; includeInIndex = 0; path = collectionViewTest.app; sourceTree = BUILT_PRODUCTS_DIR; };
		CB9470F22450386800559823 /* AppDelegate.swift */ = {isa = PBXFileReference; lastKnownFileType = sourcecode.swift; path = AppDelegate.swift; sourceTree = "<group>"; };
		CB9470F42450386800559823 /* SceneDelegate.swift */ = {isa = PBXFileReference; lastKnownFileType = sourcecode.swift; path = SceneDelegate.swift; sourceTree = "<group>"; };
		CB9470F62450386800559823 /* HomeVC.swift */ = {isa = PBXFileReference; lastKnownFileType = sourcecode.swift; path = HomeVC.swift; sourceTree = "<group>"; };
		CB9470F92450386800559823 /* Base */ = {isa = PBXFileReference; lastKnownFileType = file.storyboard; name = Base; path = Base.lproj/Main.storyboard; sourceTree = "<group>"; };
		CB9470FB2450386F00559823 /* Assets.xcassets */ = {isa = PBXFileReference; lastKnownFileType = folder.assetcatalog; path = Assets.xcassets; sourceTree = "<group>"; };
		CB9470FE2450386F00559823 /* Base */ = {isa = PBXFileReference; lastKnownFileType = file.storyboard; name = Base; path = Base.lproj/LaunchScreen.storyboard; sourceTree = "<group>"; };
		CB9471002450386F00559823 /* Info.plist */ = {isa = PBXFileReference; lastKnownFileType = text.plist.xml; path = Info.plist; sourceTree = "<group>"; };
		CB9471072450399C00559823 /* AnnouncementCell.swift */ = {isa = PBXFileReference; lastKnownFileType = sourcecode.swift; path = AnnouncementCell.swift; sourceTree = "<group>"; };
		CB947109245039AE00559823 /* DailySpecialsCell.swift */ = {isa = PBXFileReference; lastKnownFileType = sourcecode.swift; path = DailySpecialsCell.swift; sourceTree = "<group>"; };
		CB94710B245039BD00559823 /* LiveFeedsCell.swift */ = {isa = PBXFileReference; lastKnownFileType = sourcecode.swift; path = LiveFeedsCell.swift; sourceTree = "<group>"; };
		CB94710F24503EC500559823 /* View+Ex.swift */ = {isa = PBXFileReference; lastKnownFileType = sourcecode.swift; path = "View+Ex.swift"; sourceTree = "<group>"; };
/* End PBXFileReference section */

/* Begin PBXFrameworksBuildPhase section */
		CB9470EC2450386800559823 /* Frameworks */ = {
			isa = PBXFrameworksBuildPhase;
			buildActionMask = 2147483647;
			files = (
			);
			runOnlyForDeploymentPostprocessing = 0;
		};
/* End PBXFrameworksBuildPhase section */

/* Begin PBXGroup section */
		CB9470E62450386800559823 = {
			isa = PBXGroup;
			children = (
				CB9470F12450386800559823 /* collectionViewTest */,
				CB9470F02450386800559823 /* Products */,
			);
			sourceTree = "<group>";
		};
		CB9470F02450386800559823 /* Products */ = {
			isa = PBXGroup;
			children = (
				CB9470EF2450386800559823 /* collectionViewTest.app */,
			);
			name = Products;
			sourceTree = "<group>";
		};
		CB9470F12450386800559823 /* collectionViewTest */ = {
			isa = PBXGroup;
			children = (
				CB94711124503ED800559823 /* Extension */,
				CB94710D245039CA00559823 /* Controller */,
				CB9471062450398400559823 /* Views */,
				CB94710E245039DD00559823 /* Supporting FIles */,
				CB9471002450386F00559823 /* Info.plist */,
			);
			path = collectionViewTest;
			sourceTree = "<group>";
		};
		CB9471062450398400559823 /* Views */ = {
			isa = PBXGroup;
			children = (
				CB9471072450399C00559823 /* AnnouncementCell.swift */,
				CB947109245039AE00559823 /* DailySpecialsCell.swift */,
				CB94710B245039BD00559823 /* LiveFeedsCell.swift */,
			);
			path = Views;
			sourceTree = "<group>";
		};
		CB94710D245039CA00559823 /* Controller */ = {
			isa = PBXGroup;
			children = (
				CB9470F62450386800559823 /* HomeVC.swift */,
			);
			path = Controller;
			sourceTree = "<group>";
		};
		CB94710E245039DD00559823 /* Supporting FIles */ = {
			isa = PBXGroup;
			children = (
				CB9470F22450386800559823 /* AppDelegate.swift */,
				CB9470F42450386800559823 /* SceneDelegate.swift */,
				CB9470F82450386800559823 /* Main.storyboard */,
				CB9470FB2450386F00559823 /* Assets.xcassets */,
				CB9470FD2450386F00559823 /* LaunchScreen.storyboard */,
			);
			path = "Supporting FIles";
			sourceTree = "<group>";
		};
		CB94711124503ED800559823 /* Extension */ = {
			isa = PBXGroup;
			children = (
				CB94710F24503EC500559823 /* View+Ex.swift */,
			);
			path = Extension;
			sourceTree = "<group>";
		};
/* End PBXGroup section */

/* Begin PBXNativeTarget section */
		CB9470EE2450386800559823 /* collectionViewTest */ = {
			isa = PBXNativeTarget;
			buildConfigurationList = CB9471032450386F00559823 /* Build configuration list for PBXNativeTarget "collectionViewTest" */;
			buildPhases = (
				CB9470EB2450386800559823 /* Sources */,
				CB9470EC2450386800559823 /* Frameworks */,
				CB9470ED2450386800559823 /* Resources */,
			);
			buildRules = (
			);
			dependencies = (
			);
			name = collectionViewTest;
			productName = collectionViewTest;
			productReference = CB9470EF2450386800559823 /* collectionViewTest.app */;
			productType = "com.apple.product-type.application";
		};
/* End PBXNativeTarget section */

/* Begin PBXProject section */
		CB9470E72450386800559823 /* Project object */ = {
			isa = PBXProject;
			attributes = {
				LastSwiftUpdateCheck = 1140;
				LastUpgradeCheck = 1140;
				ORGANIZATIONNAME = "Umer Khan";
				TargetAttributes = {
					CB9470EE2450386800559823 = {
						CreatedOnToolsVersion = 11.4.1;
					};
				};
			};
			buildConfigurationList = CB9470EA2450386800559823 /* Build configuration list for PBXProject "collectionViewTest" */;
			compatibilityVersion = "Xcode 9.3";
			developmentRegion = en;
			hasScannedForEncodings = 0;
			knownRegions = (
				en,
				Base,
			);
			mainGroup = CB9470E62450386800559823;
			productRefGroup = CB9470F02450386800559823 /* Products */;
			projectDirPath = "";
			projectRoot = "";
			targets = (
				CB9470EE2450386800559823 /* collectionViewTest */,
			);
		};
/* End PBXProject section */

/* Begin PBXResourcesBuildPhase section */
		CB9470ED2450386800559823 /* Resources */ = {
			isa = PBXResourcesBuildPhase;
			buildActionMask = 2147483647;
			files = (
				CB9470FF2450386F00559823 /* LaunchScreen.storyboard in Resources */,
				CB9470FC2450386F00559823 /* Assets.xcassets in Resources */,
				CB9470FA2450386800559823 /* Main.storyboard in Resources */,
			);
			runOnlyForDeploymentPostprocessing = 0;
		};
/* End PBXResourcesBuildPhase section */

/* Begin PBXSourcesBuildPhase section */
		CB9470EB2450386800559823 /* Sources */ = {
			isa = PBXSourcesBuildPhase;
			buildActionMask = 2147483647;
			files = (
				CB9471082450399C00559823 /* AnnouncementCell.swift in Sources */,
				CB94710C245039BD00559823 /* LiveFeedsCell.swift in Sources */,
				CB9470F72450386800559823 /* HomeVC.swift in Sources */,
				CB9470F32450386800559823 /* AppDelegate.swift in Sources */,
				CB94710A245039AE00559823 /* DailySpecialsCell.swift in Sources */,
				CB9470F52450386800559823 /* SceneDelegate.swift in Sources */,
				CB94711024503EC500559823 /* View+Ex.swift in Sources */,
			);
			runOnlyForDeploymentPostprocessing = 0;
		};
/* End PBXSourcesBuildPhase section */

/* Begin PBXVariantGroup section */
		CB9470F82450386800559823 /* Main.storyboard */ = {
			isa = PBXVariantGroup;
			children = (
				CB9470F92450386800559823 /* Base */,
			);
			name = Main.storyboard;
			sourceTree = "<group>";
		};
		CB9470FD2450386F00559823 /* LaunchScreen.storyboard */ = {
			isa = PBXVariantGroup;
			children = (
				CB9470FE2450386F00559823 /* Base */,
			);
			name = LaunchScreen.storyboard;
			sourceTree = "<group>";
		};
/* End PBXVariantGroup section */

/* Begin XCBuildConfiguration section */
		CB9471012450386F00559823 /* Debug */ = {
			isa = XCBuildConfiguration;
			buildSettings = {
				ALWAYS_SEARCH_USER_PATHS = NO;
				CLANG_ANALYZER_NONNULL = YES;
				CLANG_ANALYZER_NUMBER_OBJECT_CONVERSION = YES_AGGRESSIVE;
				CLANG_CXX_LANGUAGE_STANDARD = "gnu++14";
				CLANG_CXX_LIBRARY = "libc++";
				CLANG_ENABLE_MODULES = YES;
				CLANG_ENABLE_OBJC_ARC = YES;
				CLANG_ENABLE_OBJC_WEAK = YES;
				CLANG_WARN_BLOCK_CAPTURE_AUTORELEASING = YES;
				CLANG_WARN_BOOL_CONVERSION = YES;
				CLANG_WARN_COMMA = YES;
				CLANG_WARN_CONSTANT_CONVERSION = YES;
				CLANG_WARN_DEPRECATED_OBJC_IMPLEMENTATIONS = YES;
				CLANG_WARN_DIRECT_OBJC_ISA_USAGE = YES_ERROR;
				CLANG_WARN_DOCUMENTATION_COMMENTS = YES;
				CLANG_WARN_EMPTY_BODY = YES;
				CLANG_WARN_ENUM_CONVERSION = YES;
				CLANG_WARN_INFINITE_RECURSION = YES;
				CLANG_WARN_INT_CONVERSION = YES;
				CLANG_WARN_NON_LITERAL_NULL_CONVERSION = YES;
				CLANG_WARN_OBJC_IMPLICIT_RETAIN_SELF = YES;
				CLANG_WARN_OBJC_LITERAL_CONVERSION = YES;
				CLANG_WARN_OBJC_ROOT_CLASS = YES_ERROR;
				CLANG_WARN_RANGE_LOOP_ANALYSIS = YES;
				CLANG_WARN_STRICT_PROTOTYPES = YES;
				CLANG_WARN_SUSPICIOUS_MOVE = YES;
				CLANG_WARN_UNGUARDED_AVAILABILITY = YES_AGGRESSIVE;
				CLANG_WARN_UNREACHABLE_CODE = YES;
				CLANG_WARN__DUPLICATE_METHOD_MATCH = YES;
				COPY_PHASE_STRIP = NO;
				DEBUG_INFORMATION_FORMAT = dwarf;
				ENABLE_STRICT_OBJC_MSGSEND = YES;
				ENABLE_TESTABILITY = YES;
				GCC_C_LANGUAGE_STANDARD = gnu11;
				GCC_DYNAMIC_NO_PIC = NO;
				GCC_NO_COMMON_BLOCKS = YES;
				GCC_OPTIMIZATION_LEVEL = 0;
				GCC_PREPROCESSOR_DEFINITIONS = (
					"DEBUG=1",
					"$(inherited)",
				);
				GCC_WARN_64_TO_32_BIT_CONVERSION = YES;
				GCC_WARN_ABOUT_RETURN_TYPE = YES_ERROR;
				GCC_WARN_UNDECLARED_SELECTOR = YES;
				GCC_WARN_UNINITIALIZED_AUTOS = YES_AGGRESSIVE;
				GCC_WARN_UNUSED_FUNCTION = YES;
				GCC_WARN_UNUSED_VARIABLE = YES;
				IPHONEOS_DEPLOYMENT_TARGET = 13.4;
				MTL_ENABLE_DEBUG_INFO = INCLUDE_SOURCE;
				MTL_FAST_MATH = YES;
				ONLY_ACTIVE_ARCH = YES;
				SDKROOT = iphoneos;
				SWIFT_ACTIVE_COMPILATION_CONDITIONS = DEBUG;
				SWIFT_OPTIMIZATION_LEVEL = "-Onone";
			};
			name = Debug;
		};
		CB9471022450386F00559823 /* Release */ = {
			isa = XCBuildConfiguration;
			buildSettings = {
				ALWAYS_SEARCH_USER_PATHS = NO;
				CLANG_ANALYZER_NONNULL = YES;
				CLANG_ANALYZER_NUMBER_OBJECT_CONVERSION = YES_AGGRESSIVE;
				CLANG_CXX_LANGUAGE_STANDARD = "gnu++14";
				CLANG_CXX_LIBRARY = "libc++";
				CLANG_ENABLE_MODULES = YES;
				CLANG_ENABLE_OBJC_ARC = YES;
				CLANG_ENABLE_OBJC_WEAK = YES;
				CLANG_WARN_BLOCK_CAPTURE_AUTORELEASING = YES;
				CLANG_WARN_BOOL_CONVERSION = YES;
				CLANG_WARN_COMMA = YES;
				CLANG_WARN_CONSTANT_CONVERSION = YES;
				CLANG_WARN_DEPRECATED_OBJC_IMPLEMENTATIONS = YES;
				CLANG_WARN_DIRECT_OBJC_ISA_USAGE = YES_ERROR;
				CLANG_WARN_DOCUMENTATION_COMMENTS = YES;
				CLANG_WARN_EMPTY_BODY = YES;
				CLANG_WARN_ENUM_CONVERSION = YES;
				CLANG_WARN_INFINITE_RECURSION = YES;
				CLANG_WARN_INT_CONVERSION = YES;
				CLANG_WARN_NON_LITERAL_NULL_CONVERSION = YES;
				CLANG_WARN_OBJC_IMPLICIT_RETAIN_SELF = YES;
				CLANG_WARN_OBJC_LITERAL_CONVERSION = YES;
				CLANG_WARN_OBJC_ROOT_CLASS = YES_ERROR;
				CLANG_WARN_RANGE_LOOP_ANALYSIS = YES;
				CLANG_WARN_STRICT_PROTOTYPES = YES;
				CLANG_WARN_SUSPICIOUS_MOVE = YES;
				CLANG_WARN_UNGUARDED_AVAILABILITY = YES_AGGRESSIVE;
				CLANG_WARN_UNREACHABLE_CODE = YES;
				CLANG_WARN__DUPLICATE_METHOD_MATCH = YES;
				COPY_PHASE_STRIP = NO;
				DEBUG_INFORMATION_FORMAT = "dwarf-with-dsym";
				ENABLE_NS_ASSERTIONS = NO;
				ENABLE_STRICT_OBJC_MSGSEND = YES;
				GCC_C_LANGUAGE_STANDARD = gnu11;
				GCC_NO_COMMON_BLOCKS = YES;
				GCC_WARN_64_TO_32_BIT_CONVERSION = YES;
				GCC_WARN_ABOUT_RETURN_TYPE = YES_ERROR;
				GCC_WARN_UNDECLARED_SELECTOR = YES;
				GCC_WARN_UNINITIALIZED_AUTOS = YES_AGGRESSIVE;
				GCC_WARN_UNUSED_FUNCTION = YES;
				GCC_WARN_UNUSED_VARIABLE = YES;
				IPHONEOS_DEPLOYMENT_TARGET = 13.4;
				MTL_ENABLE_DEBUG_INFO = NO;
				MTL_FAST_MATH = YES;
				SDKROOT = iphoneos;
				SWIFT_COMPILATION_MODE = wholemodule;
				SWIFT_OPTIMIZATION_LEVEL = "-O";
				VALIDATE_PRODUCT = YES;
			};
			name = Release;
		};
		CB9471042450386F00559823 /* Debug */ = {
			isa = XCBuildConfiguration;
			buildSettings = {
				ASSETCATALOG_COMPILER_APPICON_NAME = AppIcon;
				CODE_SIGN_STYLE = Automatic;
				DEVELOPMENT_TEAM = 646XC4LJ39;
				INFOPLIST_FILE = collectionViewTest/Info.plist;
				LD_RUNPATH_SEARCH_PATHS = (
					"$(inherited)",
					"@executable_path/Frameworks",
				);
				PRODUCT_BUNDLE_IDENTIFIER = com.developers.collectionViewTest;
				PRODUCT_NAME = "$(TARGET_NAME)";
				SWIFT_VERSION = 5.0;
				TARGETED_DEVICE_FAMILY = 1;
			};
			name = Debug;
		};
		CB9471052450386F00559823 /* Release */ = {
			isa = XCBuildConfiguration;
			buildSettings = {
				ASSETCATALOG_COMPILER_APPICON_NAME = AppIcon;
				CODE_SIGN_STYLE = Automatic;
				DEVELOPMENT_TEAM = 646XC4LJ39;
				INFOPLIST_FILE = collectionViewTest/Info.plist;
				LD_RUNPATH_SEARCH_PATHS = (
					"$(inherited)",
					"@executable_path/Frameworks",
				);
				PRODUCT_BUNDLE_IDENTIFIER = com.developers.collectionViewTest;
				PRODUCT_NAME = "$(TARGET_NAME)";
				SWIFT_VERSION = 5.0;
				TARGETED_DEVICE_FAMILY = 1;
			};
			name = Release;
		};
/* End XCBuildConfiguration section */

/* Begin XCConfigurationList section */
		CB9470EA2450386800559823 /* Build configuration list for PBXProject "collectionViewTest" */ = {
			isa = XCConfigurationList;
			buildConfigurations = (
				CB9471012450386F00559823 /* Debug */,
				CB9471022450386F00559823 /* Release */,
			);
			defaultConfigurationIsVisible = 0;
			defaultConfigurationName = Release;
		};
		CB9471032450386F00559823 /* Build configuration list for PBXNativeTarget "collectionViewTest" */ = {
			isa = XCConfigurationList;
			buildConfigurations = (
				CB9471042450386F00559823 /* Debug */,
				CB9471052450386F00559823 /* Release */,
			);
			defaultConfigurationIsVisible = 0;
			defaultConfigurationName = Release;
		};
/* End XCConfigurationList section */
	};
	rootObject = CB9470E72450386800559823 /* Project object */;
}
